# THIS IS AN AUTOGENERATED FILE. DO NOT EDIT THIS FILE DIRECTLY.
# yarn lockfile v1


include-media@^1.4.9:
  version "1.4.9"
  resolved "https://registry.yarnpkg.com/include-media/-/include-media-1.4.9.tgz#d0020b7be3eb2d54868a20943595ce380e0bc43b"
  integrity sha1-0AILe+PrLVSGiiCUNZXOOA4LxDs=

open-color@^1.8.0:
  version "1.8.0"
  resolved "https://registry.yarnpkg.com/open-color/-/open-color-1.8.0.tgz#fb6d76105b08de39bff7a06535eca8e63b65b725"
  integrity sha512-gSHRpWLx83rKlHZIm9ZoUBsSMijhPRMxOOacUETjY8guu9dAwIAbtZgmVqkfglmhs3/pYppGohzp8fUdJ4YBqQ==
